
Microsoft Visual Studio Solution File, Format Version 12.00
# Visual Studio 15
VisualStudioVersion = 15.0.28307.271
MinimumVisualStudioVersion = 10.0.40219.1
Project("{FAE04EC0-301F-11D3-BF4B-00C04F79EFBC}") = "CollectionsFromScratchTests", "CollectionsFromScratchTests\CollectionsFromScratchTests.csproj", "{B60C6931-4966-4C20-9AC0-05F53DE1245E}"
EndProject
Project("{FAE04EC0-301F-11D3-BF4B-00C04F79EFBC}") = "AlgorithmsFromScratch", "AlgorithmsFromScratch\AlgorithmsFromScratch.csproj", "{58BC0113-1688-461D-8A67-35ECF2910F00}"
EndProject
Project("{FAE04EC0-301F-11D3-BF4B-00C04F79EFBC}") = "CollectionsFromScratch", "CollectionsFromScratch\CollectionsFromScratch.csproj", "{9637B339-7A1F-4C70-87ED-6DECD864A6E2}"
EndProject
Project("{FAE04EC0-301F-11D3-BF4B-00C04F79EFBC}") = "AlgorithmsFromScratchTests", "AlgorithmsFromScratchTests\AlgorithmsFromScratchTests.csproj", "{B2E529EC-5B44-44A6-8E2D-B3D43C98A5A6}"
EndProject
Global
	GlobalSection(SolutionConfigurationPlatforms) = preSolution
		Debug|Any CPU = Debug|Any CPU
		Release|Any CPU = Release|Any CPU
	EndGlobalSection
	GlobalSection(ProjectConfigurationPlatforms) = postSolution
		{B60C6931-4966-4C20-9AC0-05F53DE1245E}.Debug|Any CPU.ActiveCfg = Debug|Any CPU
		{B60C6931-4966-4C20-9AC0-05F53DE1245E}.Debug|Any CPU.Build.0 = Debug|Any CPU
		{B60C6931-4966-4C20-9AC0-05F53DE1245E}.Release|Any CPU.ActiveCfg = Release|Any CPU
		{B60C6931-4966-4C20-9AC0-05F53DE1245E}.Release|Any CPU.Build.0 = Release|Any CPU
		{58BC0113-1688-461D-8A67-35ECF2910F00}.Debug|Any CPU.ActiveCfg = Debug|Any CPU
		{58BC0113-1688-461D-8A67-35ECF2910F00}.Debug|Any CPU.Build.0 = Debug|Any CPU
		{58BC0113-1688-461D-8A67-35ECF2910F00}.Release|Any CPU.ActiveCfg = Release|Any CPU
		{58BC0113-1688-461D-8A67-35ECF2910F00}.Release|Any CPU.Build.0 = Release|Any CPU
		{9637B339-7A1F-4C70-87ED-6DECD864A6E2}.Debug|Any CPU.ActiveCfg = Debug|Any CPU
		{9637B339-7A1F-4C70-87ED-6DECD864A6E2}.Debug|Any CPU.Build.0 = Debug|Any CPU
		{9637B339-7A1F-4C70-87ED-6DECD864A6E2}.Release|Any CPU.ActiveCfg = Release|Any CPU
		{9637B339-7A1F-4C70-87ED-6DECD864A6E2}.Release|Any CPU.Build.0 = Release|Any CPU
		{B2E529EC-5B44-44A6-8E2D-B3D43C98A5A6}.Debug|Any CPU.ActiveCfg = Debug|Any CPU
		{B2E529EC-5B44-44A6-8E2D-B3D43C98A5A6}.Debug|Any CPU.Build.0 = Debug|Any CPU
		{B2E529EC-5B44-44A6-8E2D-B3D43C98A5A6}.Release|Any CPU.ActiveCfg = Release|Any CPU
		{B2E529EC-5B44-44A6-8E2D-B3D43C98A5A6}.Release|Any CPU.Build.0 = Release|Any CPU
	EndGlobalSection
	GlobalSection(SolutionProperties) = preSolution
		HideSolutionNode = FALSE
	EndGlobalSection
	GlobalSection(ExtensibilityGlobals) = postSolution
		SolutionGuid = {7021B1CB-FEB5-48BF-98F9-23C1F62C0195}
	EndGlobalSection
EndGlobal
